PODS:
  - AMap3DMap (4.4.1):
    - AMapFoundation (~> 1.3)
  - AMapFoundation (1.3.2)

DEPENDENCIES:
  - AMap3DMap

SPEC CHECKSUMS:
  AMap3DMap: a46189dbf185d498e452294d7f600c20af0486af
  AMapFoundation: 843dc27b2c02bc0bc2ef3346bb3dd0456cf64dbb

PODFILE CHECKSUM: e0ac5e6b03d508228e64641ed8b11f9bfffc4b52

COCOAPODS: 1.0.1
