// !$*UTF8*$!
{
	archiveVersion = 1;
	classes = {
	};
	objectVersion = 46;
	objects = {

/* Begin PBXBuildFile section */
		196BC8641D6B1A6100EBF216 /* Assets.xcassets in Resources */ = {isa = PBXBuildFile; fileRef = 196BC8631D6B1A6100EBF216 /* Assets.xcassets */; };
		19E2250C1E0B85C4009F2797 /* ObjConvert.c in Sources */ = {isa = PBXBuildFile; fileRef = 19E2250A1E0B85C4009F2797 /* ObjConvert.c */; };
		19E2250D1E0B8BBA009F2797 /* AMap3DObjectOverlay.m in Sources */ = {isa = PBXBuildFile; fileRef = 81B61EBF1D66A20900415DAD /* AMap3DObjectOverlay.m */; };
		19E2250E1E0B8BBC009F2797 /* AMap3DObjectOverlayRenderer.mm in Sources */ = {isa = PBXBuildFile; fileRef = 81B61EC21D66A41100415DAD /* AMap3DObjectOverlayRenderer.mm */; };
		19EFDB071E039451004702D3 /* AppDelegate.swift in Sources */ = {isa = PBXBuildFile; fileRef = 19EFDB061E039451004702D3 /* AppDelegate.swift */; };
		19EFDB091E039451004702D3 /* ViewController.swift in Sources */ = {isa = PBXBuildFile; fileRef = 19EFDB081E039451004702D3 /* ViewController.swift */; };
		19EFDB0C1E039451004702D3 /* Main.storyboard in Resources */ = {isa = PBXBuildFile; fileRef = 19EFDB0A1E039451004702D3 /* Main.storyboard */; };
		19EFDB111E039451004702D3 /* LaunchScreen.storyboard in Resources */ = {isa = PBXBuildFile; fileRef = 19EFDB0F1E039451004702D3 /* LaunchScreen.storyboard */; };
		19EFDB4B1E078DD0004702D3 /* Assets.xcassets in Resources */ = {isa = PBXBuildFile; fileRef = 19EFDB4A1E078DD0004702D3 /* Assets.xcassets */; };
		3AEECB9D1F750712001BE65C /* FelReaverMount.png in Resources */ = {isa = PBXBuildFile; fileRef = 3AEECB981F750711001BE65C /* FelReaverMount.png */; };
		3AEECB9E1F750712001BE65C /* V_body.png in Resources */ = {isa = PBXBuildFile; fileRef = 3AEECB991F750711001BE65C /* V_body.png */; };
		3AEECB9F1F750712001BE65C /* Cottage_Texture.jpg in Resources */ = {isa = PBXBuildFile; fileRef = 3AEECB9A1F750711001BE65C /* Cottage_Texture.jpg */; };
		3AEECBA01F750712001BE65C /* Farmhouse_Texture.jpg in Resources */ = {isa = PBXBuildFile; fileRef = 3AEECB9B1F750712001BE65C /* Farmhouse_Texture.jpg */; };
		3AEECBA11F750712001BE65C /* FA-22_Raptor_P01.png in Resources */ = {isa = PBXBuildFile; fileRef = 3AEECB9C1F750712001BE65C /* FA-22_Raptor_P01.png */; };
		81B61EC01D66A20900415DAD /* AMap3DObjectOverlay.m in Sources */ = {isa = PBXBuildFile; fileRef = 81B61EBF1D66A20900415DAD /* AMap3DObjectOverlay.m */; };
		81B61EC31D66A41100415DAD /* AMap3DObjectOverlayRenderer.mm in Sources */ = {isa = PBXBuildFile; fileRef = 81B61EC21D66A41100415DAD /* AMap3DObjectOverlayRenderer.mm */; };
		8DDFCBC6229ACF1523D24210 /* libPods-reaverInMap.a in Frameworks */ = {isa = PBXBuildFile; fileRef = 52950540D3CDE5FAA9A06E08 /* libPods-reaverInMap.a */; };
		C87E3AEC1C57245E000ACF0C /* main.m in Sources */ = {isa = PBXBuildFile; fileRef = C87E3AEB1C57245E000ACF0C /* main.m */; };
		C87E3AEF1C57245E000ACF0C /* AppDelegate.m in Sources */ = {isa = PBXBuildFile; fileRef = C87E3AEE1C57245E000ACF0C /* AppDelegate.m */; };
		C87E3AF21C57245E000ACF0C /* ViewController.m in Sources */ = {isa = PBXBuildFile; fileRef = C87E3AF11C57245E000ACF0C /* ViewController.m */; };
		C87E3AF51C57245E000ACF0C /* Main.storyboard in Resources */ = {isa = PBXBuildFile; fileRef = C87E3AF31C57245E000ACF0C /* Main.storyboard */; };
		C87E3AFA1C57245E000ACF0C /* LaunchScreen.storyboard in Resources */ = {isa = PBXBuildFile; fileRef = C87E3AF81C57245E000ACF0C /* LaunchScreen.storyboard */; };
		D9F65BF41E2E04EE002BBD5C /* reaverInMapUITests.m in Sources */ = {isa = PBXBuildFile; fileRef = D9F65BF31E2E04EE002BBD5C /* reaverInMapUITests.m */; };
		EC657A67B8D1F8DDC0E15E6B /* libPods-reaverInMap-swift.a in Frameworks */ = {isa = PBXBuildFile; fileRef = 9B07C6B626E42F28A90C29A7 /* libPods-reaverInMap-swift.a */; };
/* End PBXBuildFile section */

/* Begin PBXContainerItemProxy section */
		D9F65BF61E2E04EE002BBD5C /* PBXContainerItemProxy */ = {
			isa = PBXContainerItemProxy;
			containerPortal = C87E3ADF1C57245D000ACF0C /* Project object */;
			proxyType = 1;
			remoteGlobalIDString = C87E3AE61C57245D000ACF0C;
			remoteInfo = reaverInMap;
		};
/* End PBXContainerItemProxy section */

/* Begin PBXFileReference section */
		196BC8601D6B14A100EBF216 /* Farmhouse OBJ.h */ = {isa = PBXFileReference; lastKnownFileType = sourcecode.c.h; name = "Farmhouse OBJ.h"; path = "reaver/Farmhouse OBJ.h"; sourceTree = "<group>"; };
		196BC8611D6B16C300EBF216 /* Snow covered CottageOBJ.h */ = {isa = PBXFileReference; lastKnownFileType = sourcecode.c.h; name = "Snow covered CottageOBJ.h"; path = "reaver/Snow covered CottageOBJ.h"; sourceTree = "<group>"; };
		196BC8621D6B1A3F00EBF216 /* Combat_Vehicle.h */ = {isa = PBXFileReference; lastKnownFileType = sourcecode.c.h; name = Combat_Vehicle.h; path = reaver/Combat_Vehicle.h; sourceTree = "<group>"; };
		196BC8631D6B1A6100EBF216 /* Assets.xcassets */ = {isa = PBXFileReference; lastKnownFileType = folder.assetcatalog; path = Assets.xcassets; sourceTree = "<group>"; };
		196BC8651D6B1DBB00EBF216 /* raptor.h */ = {isa = PBXFileReference; lastKnownFileType = sourcecode.c.h; name = raptor.h; path = reaver/raptor.h; sourceTree = "<group>"; };
		19E2250A1E0B85C4009F2797 /* ObjConvert.c */ = {isa = PBXFileReference; fileEncoding = 4; lastKnownFileType = sourcecode.c.c; path = ObjConvert.c; sourceTree = "<group>"; };
		19E2250B1E0B85C4009F2797 /* ObjConvert.h */ = {isa = PBXFileReference; fileEncoding = 4; lastKnownFileType = sourcecode.c.h; path = ObjConvert.h; sourceTree = "<group>"; };
		19EFDB041E039451004702D3 /* reaverInMap-swift.app */ = {isa = PBXFileReference; explicitFileType = wrapper.application; includeInIndex = 0; path = "reaverInMap-swift.app"; sourceTree = BUILT_PRODUCTS_DIR; };
		19EFDB061E039451004702D3 /* AppDelegate.swift */ = {isa = PBXFileReference; lastKnownFileType = sourcecode.swift; path = AppDelegate.swift; sourceTree = "<group>"; };
		19EFDB081E039451004702D3 /* ViewController.swift */ = {isa = PBXFileReference; lastKnownFileType = sourcecode.swift; path = ViewController.swift; sourceTree = "<group>"; };
		19EFDB0B1E039451004702D3 /* Base */ = {isa = PBXFileReference; lastKnownFileType = file.storyboard; name = Base; path = Base.lproj/Main.storyboard; sourceTree = "<group>"; };
		19EFDB101E039451004702D3 /* Base */ = {isa = PBXFileReference; lastKnownFileType = file.storyboard; name = Base; path = Base.lproj/LaunchScreen.storyboard; sourceTree = "<group>"; };
		19EFDB121E039451004702D3 /* Info.plist */ = {isa = PBXFileReference; lastKnownFileType = text.plist.xml; path = Info.plist; sourceTree = "<group>"; };
		19EFDB161E039AB5004702D3 /* BridgeHeader.h */ = {isa = PBXFileReference; lastKnownFileType = sourcecode.c.h; path = BridgeHeader.h; sourceTree = "<group>"; };
		19EFDB4A1E078DD0004702D3 /* Assets.xcassets */ = {isa = PBXFileReference; lastKnownFileType = folder.assetcatalog; name = Assets.xcassets; path = reaverInMap/Assets.xcassets; sourceTree = SOURCE_ROOT; };
		3AEECB981F750711001BE65C /* FelReaverMount.png */ = {isa = PBXFileReference; lastKnownFileType = image.png; name = FelReaverMount.png; path = reaver/FelReaverMount.png; sourceTree = "<group>"; };
		3AEECB991F750711001BE65C /* V_body.png */ = {isa = PBXFileReference; lastKnownFileType = image.png; name = V_body.png; path = reaver/V_body.png; sourceTree = "<group>"; };
		3AEECB9A1F750711001BE65C /* Cottage_Texture.jpg */ = {isa = PBXFileReference; lastKnownFileType = image.jpeg; name = Cottage_Texture.jpg; path = reaver/Cottage_Texture.jpg; sourceTree = "<group>"; };
		3AEECB9B1F750712001BE65C /* Farmhouse_Texture.jpg */ = {isa = PBXFileReference; lastKnownFileType = image.jpeg; name = Farmhouse_Texture.jpg; path = reaver/Farmhouse_Texture.jpg; sourceTree = "<group>"; };
		3AEECB9C1F750712001BE65C /* FA-22_Raptor_P01.png */ = {isa = PBXFileReference; lastKnownFileType = image.png; name = "FA-22_Raptor_P01.png"; path = "reaver/FA-22_Raptor_P01.png"; sourceTree = "<group>"; };
		52950540D3CDE5FAA9A06E08 /* libPods-reaverInMap.a */ = {isa = PBXFileReference; explicitFileType = archive.ar; includeInIndex = 0; path = "libPods-reaverInMap.a"; sourceTree = BUILT_PRODUCTS_DIR; };
		6EE88CC9B58D6300B917AA4F /* Pods-reaverInMap-swift.debug.xcconfig */ = {isa = PBXFileReference; includeInIndex = 1; lastKnownFileType = text.xcconfig; name = "Pods-reaverInMap-swift.debug.xcconfig"; path = "Pods/Target Support Files/Pods-reaverInMap-swift/Pods-reaverInMap-swift.debug.xcconfig"; sourceTree = "<group>"; };
		7DB8CED35D49AE0312DE0D28 /* Pods-reaverInMap-swift.release.xcconfig */ = {isa = PBXFileReference; includeInIndex = 1; lastKnownFileType = text.xcconfig; name = "Pods-reaverInMap-swift.release.xcconfig"; path = "Pods/Target Support Files/Pods-reaverInMap-swift/Pods-reaverInMap-swift.release.xcconfig"; sourceTree = "<group>"; };
		81B61EBE1D66A20900415DAD /* AMap3DObjectOverlay.h */ = {isa = PBXFileReference; fileEncoding = 4; lastKnownFileType = sourcecode.c.h; path = AMap3DObjectOverlay.h; sourceTree = "<group>"; };
		81B61EBF1D66A20900415DAD /* AMap3DObjectOverlay.m */ = {isa = PBXFileReference; fileEncoding = 4; lastKnownFileType = sourcecode.c.objc; path = AMap3DObjectOverlay.m; sourceTree = "<group>"; };
		81B61EC11D66A41100415DAD /* AMap3DObjectOverlayRenderer.h */ = {isa = PBXFileReference; fileEncoding = 4; lastKnownFileType = sourcecode.c.h; path = AMap3DObjectOverlayRenderer.h; sourceTree = "<group>"; };
		81B61EC21D66A41100415DAD /* AMap3DObjectOverlayRenderer.mm */ = {isa = PBXFileReference; fileEncoding = 4; lastKnownFileType = sourcecode.cpp.objcpp; path = AMap3DObjectOverlayRenderer.mm; sourceTree = "<group>"; };
		9B07C6B626E42F28A90C29A7 /* libPods-reaverInMap-swift.a */ = {isa = PBXFileReference; explicitFileType = archive.ar; includeInIndex = 0; path = "libPods-reaverInMap-swift.a"; sourceTree = BUILT_PRODUCTS_DIR; };
		C87E3AE71C57245E000ACF0C /* reaverInMap.app */ = {isa = PBXFileReference; explicitFileType = wrapper.application; includeInIndex = 0; path = reaverInMap.app; sourceTree = BUILT_PRODUCTS_DIR; };
		C87E3AEB1C57245E000ACF0C /* main.m */ = {isa = PBXFileReference; lastKnownFileType = sourcecode.c.objc; path = main.m; sourceTree = "<group>"; };
		C87E3AED1C57245E000ACF0C /* AppDelegate.h */ = {isa = PBXFileReference; lastKnownFileType = sourcecode.c.h; path = AppDelegate.h; sourceTree = "<group>"; };
		C87E3AEE1C57245E000ACF0C /* AppDelegate.m */ = {isa = PBXFileReference; lastKnownFileType = sourcecode.c.objc; path = AppDelegate.m; sourceTree = "<group>"; };
		C87E3AF01C57245E000ACF0C /* ViewController.h */ = {isa = PBXFileReference; lastKnownFileType = sourcecode.c.h; path = ViewController.h; sourceTree = "<group>"; };
		C87E3AF11C57245E000ACF0C /* ViewController.m */ = {isa = PBXFileReference; lastKnownFileType = sourcecode.c.objc; path = ViewController.m; sourceTree = "<group>"; };
		C87E3AF41C57245E000ACF0C /* Base */ = {isa = PBXFileReference; lastKnownFileType = file.storyboard; name = Base; path = Base.lproj/Main.storyboard; sourceTree = "<group>"; };
		C87E3AF91C57245E000ACF0C /* Base */ = {isa = PBXFileReference; lastKnownFileType = file.storyboard; name = Base; path = Base.lproj/LaunchScreen.storyboard; sourceTree = "<group>"; };
		C87E3AFB1C57245E000ACF0C /* Info.plist */ = {isa = PBXFileReference; lastKnownFileType = text.plist.xml; path = Info.plist; sourceTree = "<group>"; };
		C8D009031C57358E003C075A /* FelReaverMount.h */ = {isa = PBXFileReference; fileEncoding = 4; lastKnownFileType = sourcecode.c.h; name = FelReaverMount.h; path = reaver/FelReaverMount.h; sourceTree = "<group>"; };
		CDF9302E7AD6AD506F415181 /* Pods-reaverInMap.release.xcconfig */ = {isa = PBXFileReference; includeInIndex = 1; lastKnownFileType = text.xcconfig; name = "Pods-reaverInMap.release.xcconfig"; path = "Pods/Target Support Files/Pods-reaverInMap/Pods-reaverInMap.release.xcconfig"; sourceTree = "<group>"; };
		D9F65BF11E2E04EE002BBD5C /* reaverInMapUITests.xctest */ = {isa = PBXFileReference; explicitFileType = wrapper.cfbundle; includeInIndex = 0; path = reaverInMapUITests.xctest; sourceTree = BUILT_PRODUCTS_DIR; };
		D9F65BF31E2E04EE002BBD5C /* reaverInMapUITests.m */ = {isa = PBXFileReference; lastKnownFileType = sourcecode.c.objc; path = reaverInMapUITests.m; sourceTree = "<group>"; };
		D9F65BF51E2E04EE002BBD5C /* Info.plist */ = {isa = PBXFileReference; lastKnownFileType = text.plist.xml; path = Info.plist; sourceTree = "<group>"; };
		DB73DC24840701C027D05BDE /* Pods-reaverInMap.debug.xcconfig */ = {isa = PBXFileReference; includeInIndex = 1; lastKnownFileType = text.xcconfig; name = "Pods-reaverInMap.debug.xcconfig"; path = "Pods/Target Support Files/Pods-reaverInMap/Pods-reaverInMap.debug.xcconfig"; sourceTree = "<group>"; };
/* End PBXFileReference section */

/* Begin PBXFrameworksBuildPhase section */
		19EFDB011E039451004702D3 /* Frameworks */ = {
			isa = PBXFrameworksBuildPhase;
			buildActionMask = 2147483647;
			files = (
				EC657A67B8D1F8DDC0E15E6B /* libPods-reaverInMap-swift.a in Frameworks */,
			);
			runOnlyForDeploymentPostprocessing = 0;
		};
		C87E3AE41C57245D000ACF0C /* Frameworks */ = {
			isa = PBXFrameworksBuildPhase;
			buildActionMask = 2147483647;
			files = (
				8DDFCBC6229ACF1523D24210 /* libPods-reaverInMap.a in Frameworks */,
			);
			runOnlyForDeploymentPostprocessing = 0;
		};
		D9F65BEE1E2E04EE002BBD5C /* Frameworks */ = {
			isa = PBXFrameworksBuildPhase;
			buildActionMask = 2147483647;
			files = (
			);
			runOnlyForDeploymentPostprocessing = 0;
		};
/* End PBXFrameworksBuildPhase section */

/* Begin PBXGroup section */
		19EFDB051E039451004702D3 /* reaverInMap-swift */ = {
			isa = PBXGroup;
			children = (
				19EFDB061E039451004702D3 /* AppDelegate.swift */,
				19EFDB081E039451004702D3 /* ViewController.swift */,
				19EFDB161E039AB5004702D3 /* BridgeHeader.h */,
				19E2250A1E0B85C4009F2797 /* ObjConvert.c */,
				19E2250B1E0B85C4009F2797 /* ObjConvert.h */,
				19EFDB4A1E078DD0004702D3 /* Assets.xcassets */,
				19EFDB0A1E039451004702D3 /* Main.storyboard */,
				19EFDB0F1E039451004702D3 /* LaunchScreen.storyboard */,
				19EFDB121E039451004702D3 /* Info.plist */,
			);
			path = "reaverInMap-swift";
			sourceTree = "<group>";
		};
		B6031342AA2AACF8E44E507C /* Pods */ = {
			isa = PBXGroup;
			children = (
				DB73DC24840701C027D05BDE /* Pods-reaverInMap.debug.xcconfig */,
				CDF9302E7AD6AD506F415181 /* Pods-reaverInMap.release.xcconfig */,
				6EE88CC9B58D6300B917AA4F /* Pods-reaverInMap-swift.debug.xcconfig */,
				7DB8CED35D49AE0312DE0D28 /* Pods-reaverInMap-swift.release.xcconfig */,
			);
			name = Pods;
			sourceTree = "<group>";
		};
		C87E3ADE1C57245D000ACF0C = {
			isa = PBXGroup;
			children = (
				C87E3AE91C57245E000ACF0C /* reaverInMap */,
				19EFDB051E039451004702D3 /* reaverInMap-swift */,
				D9F65BF21E2E04EE002BBD5C /* reaverInMapUITests */,
				C87E3AE81C57245E000ACF0C /* Products */,
				B6031342AA2AACF8E44E507C /* Pods */,
				CD146C76BC4A44DA81A98CFE /* Frameworks */,
			);
			sourceTree = "<group>";
		};
		C87E3AE81C57245E000ACF0C /* Products */ = {
			isa = PBXGroup;
			children = (
				C87E3AE71C57245E000ACF0C /* reaverInMap.app */,
				19EFDB041E039451004702D3 /* reaverInMap-swift.app */,
				D9F65BF11E2E04EE002BBD5C /* reaverInMapUITests.xctest */,
			);
			name = Products;
			sourceTree = "<group>";
		};
		C87E3AE91C57245E000ACF0C /* reaverInMap */ = {
			isa = PBXGroup;
			children = (
				C87E3B071C573228000ACF0C /* reaver */,
				C87E3AED1C57245E000ACF0C /* AppDelegate.h */,
				C87E3AEE1C57245E000ACF0C /* AppDelegate.m */,
				C87E3AF01C57245E000ACF0C /* ViewController.h */,
				C87E3AF11C57245E000ACF0C /* ViewController.m */,
				196BC8631D6B1A6100EBF216 /* Assets.xcassets */,
				C87E3AF31C57245E000ACF0C /* Main.storyboard */,
				C87E3AF81C57245E000ACF0C /* LaunchScreen.storyboard */,
				C87E3AFB1C57245E000ACF0C /* Info.plist */,
				C87E3AEA1C57245E000ACF0C /* Supporting Files */,
			);
			path = reaverInMap;
			sourceTree = "<group>";
		};
		C87E3AEA1C57245E000ACF0C /* Supporting Files */ = {
			isa = PBXGroup;
			children = (
				C87E3AEB1C57245E000ACF0C /* main.m */,
			);
			name = "Supporting Files";
			sourceTree = "<group>";
		};
		C87E3B071C573228000ACF0C /* reaver */ = {
			isa = PBXGroup;
			children = (
				3AEECB9A1F750711001BE65C /* Cottage_Texture.jpg */,
				3AEECB9C1F750712001BE65C /* FA-22_Raptor_P01.png */,
				3AEECB9B1F750712001BE65C /* Farmhouse_Texture.jpg */,
				3AEECB981F750711001BE65C /* FelReaverMount.png */,
				3AEECB991F750711001BE65C /* V_body.png */,
				196BC8651D6B1DBB00EBF216 /* raptor.h */,
				196BC8621D6B1A3F00EBF216 /* Combat_Vehicle.h */,
				196BC8611D6B16C300EBF216 /* Snow covered CottageOBJ.h */,
				196BC8601D6B14A100EBF216 /* Farmhouse OBJ.h */,
				C8D009031C57358E003C075A /* FelReaverMount.h */,
				81B61EBE1D66A20900415DAD /* AMap3DObjectOverlay.h */,
				81B61EBF1D66A20900415DAD /* AMap3DObjectOverlay.m */,
				81B61EC11D66A41100415DAD /* AMap3DObjectOverlayRenderer.h */,
				81B61EC21D66A41100415DAD /* AMap3DObjectOverlayRenderer.mm */,
			);
			name = reaver;
			sourceTree = "<group>";
		};
		CD146C76BC4A44DA81A98CFE /* Frameworks */ = {
			isa = PBXGroup;
			children = (
				52950540D3CDE5FAA9A06E08 /* libPods-reaverInMap.a */,
				9B07C6B626E42F28A90C29A7 /* libPods-reaverInMap-swift.a */,
			);
			name = Frameworks;
			sourceTree = "<group>";
		};
		D9F65BF21E2E04EE002BBD5C /* reaverInMapUITests */ = {
			isa = PBXGroup;
			children = (
				D9F65BF31E2E04EE002BBD5C /* reaverInMapUITests.m */,
				D9F65BF51E2E04EE002BBD5C /* Info.plist */,
			);
			path = reaverInMapUITests;
			sourceTree = "<group>";
		};
/* End PBXGroup section */

/* Begin PBXNativeTarget section */
		19EFDB031E039451004702D3 /* reaverInMap-swift */ = {
			isa = PBXNativeTarget;
			buildConfigurationList = 19EFDB151E039451004702D3 /* Build configuration list for PBXNativeTarget "reaverInMap-swift" */;
			buildPhases = (
				B8A6276FDC0C340D53941503 /* [CP] Check Pods Manifest.lock */,
				19EFDB001E039451004702D3 /* Sources */,
				19EFDB011E039451004702D3 /* Frameworks */,
				19EFDB021E039451004702D3 /* Resources */,
				036B826B21D9A5010F829D2E /* [CP] Embed Pods Frameworks */,
				92B90F8C01B837928B970F68 /* [CP] Copy Pods Resources */,
			);
			buildRules = (
			);
			dependencies = (
			);
			name = "reaverInMap-swift";
			productName = "reaverInMap-swift";
			productReference = 19EFDB041E039451004702D3 /* reaverInMap-swift.app */;
			productType = "com.apple.product-type.application";
		};
		C87E3AE61C57245D000ACF0C /* reaverInMap */ = {
			isa = PBXNativeTarget;
			buildConfigurationList = C87E3AFE1C57245E000ACF0C /* Build configuration list for PBXNativeTarget "reaverInMap" */;
			buildPhases = (
				DC28799ADB8962AD6DF53C23 /* [CP] Check Pods Manifest.lock */,
				C87E3AE31C57245D000ACF0C /* Sources */,
				C87E3AE41C57245D000ACF0C /* Frameworks */,
				C87E3AE51C57245D000ACF0C /* Resources */,
				75E06EB9EFE925CA88F056A1 /* [CP] Embed Pods Frameworks */,
				D1BE4B81774E264C08A2097A /* [CP] Copy Pods Resources */,
			);
			buildRules = (
			);
			dependencies = (
			);
			name = reaverInMap;
			productName = reaverInMap;
			productReference = C87E3AE71C57245E000ACF0C /* reaverInMap.app */;
			productType = "com.apple.product-type.application";
		};
		D9F65BF01E2E04EE002BBD5C /* reaverInMapUITests */ = {
			isa = PBXNativeTarget;
			buildConfigurationList = D9F65BFA1E2E04EF002BBD5C /* Build configuration list for PBXNativeTarget "reaverInMapUITests" */;
			buildPhases = (
				D9F65BED1E2E04EE002BBD5C /* Sources */,
				D9F65BEE1E2E04EE002BBD5C /* Frameworks */,
				D9F65BEF1E2E04EE002BBD5C /* Resources */,
			);
			buildRules = (
			);
			dependencies = (
				D9F65BF71E2E04EE002BBD5C /* PBXTargetDependency */,
			);
			name = reaverInMapUITests;
			productName = reaverInMapUITests;
			productReference = D9F65BF11E2E04EE002BBD5C /* reaverInMapUITests.xctest */;
			productType = "com.apple.product-type.bundle.ui-testing";
		};
/* End PBXNativeTarget section */

/* Begin PBXProject section */
		C87E3ADF1C57245D000ACF0C /* Project object */ = {
			isa = PBXProject;
			attributes = {
				LastSwiftUpdateCheck = 0820;
				LastUpgradeCheck = 0900;
				ORGANIZATIONNAME = Autonavi;
				TargetAttributes = {
					19EFDB031E039451004702D3 = {
						CreatedOnToolsVersion = 8.2;
						DevelopmentTeam = YMJ372W38W;
						ProvisioningStyle = Manual;
					};
					C87E3AE61C57245D000ACF0C = {
						CreatedOnToolsVersion = 7.2;
						DevelopmentTeam = YMJ372W38W;
						ProvisioningStyle = Manual;
					};
					D9F65BF01E2E04EE002BBD5C = {
						CreatedOnToolsVersion = 8.2;
						DevelopmentTeam = YMJ372W38W;
						ProvisioningStyle = Manual;
						TestTargetID = C87E3AE61C57245D000ACF0C;
					};
				};
			};
			buildConfigurationList = C87E3AE21C57245D000ACF0C /* Build configuration list for PBXProject "reaverInMap" */;
			compatibilityVersion = "Xcode 3.2";
			developmentRegion = English;
			hasScannedForEncodings = 0;
			knownRegions = (
				en,
				Base,
			);
			mainGroup = C87E3ADE1C57245D000ACF0C;
			productRefGroup = C87E3AE81C57245E000ACF0C /* Products */;
			projectDirPath = "";
			projectRoot = "";
			targets = (
				C87E3AE61C57245D000ACF0C /* reaverInMap */,
				19EFDB031E039451004702D3 /* reaverInMap-swift */,
				D9F65BF01E2E04EE002BBD5C /* reaverInMapUITests */,
			);
		};
/* End PBXProject section */

/* Begin PBXResourcesBuildPhase section */
		19EFDB021E039451004702D3 /* Resources */ = {
			isa = PBXResourcesBuildPhase;
			buildActionMask = 2147483647;
			files = (
				19EFDB111E039451004702D3 /* LaunchScreen.storyboard in Resources */,
				19EFDB4B1E078DD0004702D3 /* Assets.xcassets in Resources */,
				19EFDB0C1E039451004702D3 /* Main.storyboard in Resources */,
			);
			runOnlyForDeploymentPostprocessing = 0;
		};
		C87E3AE51C57245D000ACF0C /* Resources */ = {
			isa = PBXResourcesBuildPhase;
			buildActionMask = 2147483647;
			files = (
				3AEECBA01F750712001BE65C /* Farmhouse_Texture.jpg in Resources */,
				3AEECB9E1F750712001BE65C /* V_body.png in Resources */,
				3AEECB9D1F750712001BE65C /* FelReaverMount.png in Resources */,
				C87E3AFA1C57245E000ACF0C /* LaunchScreen.storyboard in Resources */,
				196BC8641D6B1A6100EBF216 /* Assets.xcassets in Resources */,
				C87E3AF51C57245E000ACF0C /* Main.storyboard in Resources */,
				3AEECBA11F750712001BE65C /* FA-22_Raptor_P01.png in Resources */,
				3AEECB9F1F750712001BE65C /* Cottage_Texture.jpg in Resources */,
			);
			runOnlyForDeploymentPostprocessing = 0;
		};
		D9F65BEF1E2E04EE002BBD5C /* Resources */ = {
			isa = PBXResourcesBuildPhase;
			buildActionMask = 2147483647;
			files = (
			);
			runOnlyForDeploymentPostprocessing = 0;
		};
/* End PBXResourcesBuildPhase section */

/* Begin PBXShellScriptBuildPhase section */
		036B826B21D9A5010F829D2E /* [CP] Embed Pods Frameworks */ = {
			isa = PBXShellScriptBuildPhase;
			buildActionMask = 2147483647;
			files = (
			);
			inputPaths = (
			);
			name = "[CP] Embed Pods Frameworks";
			outputPaths = (
			);
			runOnlyForDeploymentPostprocessing = 0;
			shellPath = /bin/sh;
			shellScript = "\"${SRCROOT}/Pods/Target Support Files/Pods-reaverInMap-swift/Pods-reaverInMap-swift-frameworks.sh\"\n";
			showEnvVarsInLog = 0;
		};
		75E06EB9EFE925CA88F056A1 /* [CP] Embed Pods Frameworks */ = {
			isa = PBXShellScriptBuildPhase;
			buildActionMask = 2147483647;
			files = (
			);
			inputPaths = (
			);
			name = "[CP] Embed Pods Frameworks";
			outputPaths = (
			);
			runOnlyForDeploymentPostprocessing = 0;
			shellPath = /bin/sh;
			shellScript = "\"${SRCROOT}/Pods/Target Support Files/Pods-reaverInMap/Pods-reaverInMap-frameworks.sh\"\n";
			showEnvVarsInLog = 0;
		};
		92B90F8C01B837928B970F68 /* [CP] Copy Pods Resources */ = {
			isa = PBXShellScriptBuildPhase;
			buildActionMask = 2147483647;
			files = (
			);
			inputPaths = (
				"${SRCROOT}/Pods/Target Support Files/Pods-reaverInMap-swift/Pods-reaverInMap-swift-resources.sh",
				"${PODS_ROOT}/AMap3DMap/MAMapKit.framework/AMap.bundle",
			);
			name = "[CP] Copy Pods Resources";
			outputPaths = (
				"${TARGET_BUILD_DIR}/${UNLOCALIZED_RESOURCES_FOLDER_PATH}",
			);
			runOnlyForDeploymentPostprocessing = 0;
			shellPath = /bin/sh;
			shellScript = "\"${SRCROOT}/Pods/Target Support Files/Pods-reaverInMap-swift/Pods-reaverInMap-swift-resources.sh\"\n";
			showEnvVarsInLog = 0;
		};
		B8A6276FDC0C340D53941503 /* [CP] Check Pods Manifest.lock */ = {
			isa = PBXShellScriptBuildPhase;
			buildActionMask = 2147483647;
			files = (
			);
			inputPaths = (
				"${PODS_PODFILE_DIR_PATH}/Podfile.lock",
				"${PODS_ROOT}/Manifest.lock",
			);
			name = "[CP] Check Pods Manifest.lock";
			outputPaths = (
				"$(DERIVED_FILE_DIR)/Pods-reaverInMap-swift-checkManifestLockResult.txt",
			);
			runOnlyForDeploymentPostprocessing = 0;
			shellPath = /bin/sh;
			shellScript = "diff \"${PODS_PODFILE_DIR_PATH}/Podfile.lock\" \"${PODS_ROOT}/Manifest.lock\" > /dev/null\nif [ $? != 0 ] ; then\n    # print error to STDERR\n    echo \"error: The sandbox is not in sync with the Podfile.lock. Run 'pod install' or update your CocoaPods installation.\" >&2\n    exit 1\nfi\n# This output is used by Xcode 'outputs' to avoid re-running this script phase.\necho \"SUCCESS\" > \"${SCRIPT_OUTPUT_FILE_0}\"\n";
			showEnvVarsInLog = 0;
		};
		D1BE4B81774E264C08A2097A /* [CP] Copy Pods Resources */ = {
			isa = PBXShellScriptBuildPhase;
			buildActionMask = 2147483647;
			files = (
			);
			inputPaths = (
				"${SRCROOT}/Pods/Target Support Files/Pods-reaverInMap/Pods-reaverInMap-resources.sh",
				"${PODS_ROOT}/AMap3DMap/MAMapKit.framework/AMap.bundle",
			);
			name = "[CP] Copy Pods Resources";
			outputPaths = (
				"${TARGET_BUILD_DIR}/${UNLOCALIZED_RESOURCES_FOLDER_PATH}",
			);
			runOnlyForDeploymentPostprocessing = 0;
			shellPath = /bin/sh;
			shellScript = "\"${SRCROOT}/Pods/Target Support Files/Pods-reaverInMap/Pods-reaverInMap-resources.sh\"\n";
			showEnvVarsInLog = 0;
		};
		DC28799ADB8962AD6DF53C23 /* [CP] Check Pods Manifest.lock */ = {
			isa = PBXShellScriptBuildPhase;
			buildActionMask = 2147483647;
			files = (
			);
			inputPaths = (
				"${PODS_PODFILE_DIR_PATH}/Podfile.lock",
				"${PODS_ROOT}/Manifest.lock",
			);
			name = "[CP] Check Pods Manifest.lock";
			outputPaths = (
				"$(DERIVED_FILE_DIR)/Pods-reaverInMap-checkManifestLockResult.txt",
			);
			runOnlyForDeploymentPostprocessing = 0;
			shellPath = /bin/sh;
			shellScript = "diff \"${PODS_PODFILE_DIR_PATH}/Podfile.lock\" \"${PODS_ROOT}/Manifest.lock\" > /dev/null\nif [ $? != 0 ] ; then\n    # print error to STDERR\n    echo \"error: The sandbox is not in sync with the Podfile.lock. Run 'pod install' or update your CocoaPods installation.\" >&2\n    exit 1\nfi\n# This output is used by Xcode 'outputs' to avoid re-running this script phase.\necho \"SUCCESS\" > \"${SCRIPT_OUTPUT_FILE_0}\"\n";
			showEnvVarsInLog = 0;
		};
/* End PBXShellScriptBuildPhase section */

/* Begin PBXSourcesBuildPhase section */
		19EFDB001E039451004702D3 /* Sources */ = {
			isa = PBXSourcesBuildPhase;
			buildActionMask = 2147483647;
			files = (
				19EFDB091E039451004702D3 /* ViewController.swift in Sources */,
				19EFDB071E039451004702D3 /* AppDelegate.swift in Sources */,
				19E2250C1E0B85C4009F2797 /* ObjConvert.c in Sources */,
				19E2250E1E0B8BBC009F2797 /* AMap3DObjectOverlayRenderer.mm in Sources */,
				19E2250D1E0B8BBA009F2797 /* AMap3DObjectOverlay.m in Sources */,
			);
			runOnlyForDeploymentPostprocessing = 0;
		};
		C87E3AE31C57245D000ACF0C /* Sources */ = {
			isa = PBXSourcesBuildPhase;
			buildActionMask = 2147483647;
			files = (
				C87E3AF21C57245E000ACF0C /* ViewController.m in Sources */,
				81B61EC31D66A41100415DAD /* AMap3DObjectOverlayRenderer.mm in Sources */,
				C87E3AEF1C57245E000ACF0C /* AppDelegate.m in Sources */,
				81B61EC01D66A20900415DAD /* AMap3DObjectOverlay.m in Sources */,
				C87E3AEC1C57245E000ACF0C /* main.m in Sources */,
			);
			runOnlyForDeploymentPostprocessing = 0;
		};
		D9F65BED1E2E04EE002BBD5C /* Sources */ = {
			isa = PBXSourcesBuildPhase;
			buildActionMask = 2147483647;
			files = (
				D9F65BF41E2E04EE002BBD5C /* reaverInMapUITests.m in Sources */,
			);
			runOnlyForDeploymentPostprocessing = 0;
		};
/* End PBXSourcesBuildPhase section */

/* Begin PBXTargetDependency section */
		D9F65BF71E2E04EE002BBD5C /* PBXTargetDependency */ = {
			isa = PBXTargetDependency;
			target = C87E3AE61C57245D000ACF0C /* reaverInMap */;
			targetProxy = D9F65BF61E2E04EE002BBD5C /* PBXContainerItemProxy */;
		};
/* End PBXTargetDependency section */

/* Begin PBXVariantGroup section */
		19EFDB0A1E039451004702D3 /* Main.storyboard */ = {
			isa = PBXVariantGroup;
			children = (
				19EFDB0B1E039451004702D3 /* Base */,
			);
			name = Main.storyboard;
			sourceTree = "<group>";
		};
		19EFDB0F1E039451004702D3 /* LaunchScreen.storyboard */ = {
			isa = PBXVariantGroup;
			children = (
				19EFDB101E039451004702D3 /* Base */,
			);
			name = LaunchScreen.storyboard;
			sourceTree = "<group>";
		};
		C87E3AF31C57245E000ACF0C /* Main.storyboard */ = {
			isa = PBXVariantGroup;
			children = (
				C87E3AF41C57245E000ACF0C /* Base */,
			);
			name = Main.storyboard;
			sourceTree = "<group>";
		};
		C87E3AF81C57245E000ACF0C /* LaunchScreen.storyboard */ = {
			isa = PBXVariantGroup;
			children = (
				C87E3AF91C57245E000ACF0C /* Base */,
			);
			name = LaunchScreen.storyboard;
			sourceTree = "<group>";
		};
/* End PBXVariantGroup section */

/* Begin XCBuildConfiguration section */
		19EFDB131E039451004702D3 /* Debug */ = {
			isa = XCBuildConfiguration;
			baseConfigurationReference = 6EE88CC9B58D6300B917AA4F /* Pods-reaverInMap-swift.debug.xcconfig */;
			buildSettings = {
				ASSETCATALOG_COMPILER_APPICON_NAME = AppIcon;
				CLANG_ANALYZER_NONNULL = YES;
				CLANG_WARN_DOCUMENTATION_COMMENTS = YES;
				CLANG_WARN_INFINITE_RECURSION = YES;
				CLANG_WARN_SUSPICIOUS_MOVE = YES;
				DEVELOPMENT_TEAM = YMJ372W38W;
				INFOPLIST_FILE = "reaverInMap-swift/Info.plist";
				IPHONEOS_DEPLOYMENT_TARGET = 7.0;
				LD_RUNPATH_SEARCH_PATHS = "$(inherited) @executable_path/Frameworks";
				PRODUCT_BUNDLE_IDENTIFIER = "com.autonavi.reaverInMap-swift";
				PRODUCT_NAME = "$(TARGET_NAME)";
				PROVISIONING_PROFILE = "262ce89f-36c1-471e-b3aa-17585737754f";
				PROVISIONING_PROFILE_SPECIFIER = openPlatform_development;
				SWIFT_ACTIVE_COMPILATION_CONDITIONS = DEBUG;
				SWIFT_OBJC_BRIDGING_HEADER = "reaverInMap-swift/BridgeHeader.h";
				SWIFT_OPTIMIZATION_LEVEL = "-Onone";
				SWIFT_VERSION = 3.0;
				TARGETED_DEVICE_FAMILY = "1,2";
			};
			name = Debug;
		};
		19EFDB141E039451004702D3 /* Release */ = {
			isa = XCBuildConfiguration;
			baseConfigurationReference = 7DB8CED35D49AE0312DE0D28 /* Pods-reaverInMap-swift.release.xcconfig */;
			buildSettings = {
				ASSETCATALOG_COMPILER_APPICON_NAME = AppIcon;
				CLANG_ANALYZER_NONNULL = YES;
				CLANG_WARN_DOCUMENTATION_COMMENTS = YES;
				CLANG_WARN_INFINITE_RECURSION = YES;
				CLANG_WARN_SUSPICIOUS_MOVE = YES;
				"CODE_SIGN_IDENTITY[sdk=iphoneos*]" = "iPhone Distribution";
				DEVELOPMENT_TEAM = YMJ372W38W;
				INFOPLIST_FILE = "reaverInMap-swift/Info.plist";
				IPHONEOS_DEPLOYMENT_TARGET = 7.0;
				LD_RUNPATH_SEARCH_PATHS = "$(inherited) @executable_path/Frameworks";
				PRODUCT_BUNDLE_IDENTIFIER = "com.autonavi.reaverInMap-swift";
				PRODUCT_NAME = "$(TARGET_NAME)";
				PROVISIONING_PROFILE = "37bcbefd-c99d-44d5-a048-5ff502582130";
				PROVISIONING_PROFILE_SPECIFIER = openPlatformInhouse;
				SWIFT_OBJC_BRIDGING_HEADER = "reaverInMap-swift/BridgeHeader.h";
				SWIFT_OPTIMIZATION_LEVEL = "-Owholemodule";
				SWIFT_VERSION = 3.0;
				TARGETED_DEVICE_FAMILY = "1,2";
			};
			name = Release;
		};
		C87E3AFC1C57245E000ACF0C /* Debug */ = {
			isa = XCBuildConfiguration;
			buildSettings = {
				ALWAYS_SEARCH_USER_PATHS = NO;
				CLANG_CXX_LANGUAGE_STANDARD = "gnu++0x";
				CLANG_CXX_LIBRARY = "libc++";
				CLANG_ENABLE_MODULES = YES;
				CLANG_ENABLE_OBJC_ARC = YES;
				CLANG_WARN_BOOL_CONVERSION = YES;
				CLANG_WARN_CONSTANT_CONVERSION = YES;
				CLANG_WARN_DIRECT_OBJC_ISA_USAGE = YES_ERROR;
				CLANG_WARN_EMPTY_BODY = YES;
				CLANG_WARN_ENUM_CONVERSION = YES;
				CLANG_WARN_INT_CONVERSION = YES;
				CLANG_WARN_OBJC_ROOT_CLASS = YES_ERROR;
				CLANG_WARN_UNREACHABLE_CODE = YES;
				CLANG_WARN__DUPLICATE_METHOD_MATCH = YES;
				"CODE_SIGN_IDENTITY[sdk=iphoneos*]" = "iPhone Developer";
				COPY_PHASE_STRIP = NO;
				DEBUG_INFORMATION_FORMAT = dwarf;
				ENABLE_STRICT_OBJC_MSGSEND = YES;
				ENABLE_TESTABILITY = YES;
				GCC_C_LANGUAGE_STANDARD = gnu99;
				GCC_DYNAMIC_NO_PIC = NO;
				GCC_NO_COMMON_BLOCKS = YES;
				GCC_OPTIMIZATION_LEVEL = 0;
				GCC_PREPROCESSOR_DEFINITIONS = (
					"DEBUG=1",
					"$(inherited)",
				);
				GCC_WARN_64_TO_32_BIT_CONVERSION = YES;
				GCC_WARN_ABOUT_RETURN_TYPE = YES_ERROR;
				GCC_WARN_UNDECLARED_SELECTOR = YES;
				GCC_WARN_UNINITIALIZED_AUTOS = YES_AGGRESSIVE;
				GCC_WARN_UNUSED_FUNCTION = YES;
				GCC_WARN_UNUSED_VARIABLE = YES;
				IPHONEOS_DEPLOYMENT_TARGET = 9.2;
				MTL_ENABLE_DEBUG_INFO = YES;
				ONLY_ACTIVE_ARCH = YES;
				SDKROOT = iphoneos;
			};
			name = Debug;
		};
		C87E3AFD1C57245E000ACF0C /* Release */ = {
			isa = XCBuildConfiguration;
			buildSettings = {
				ALWAYS_SEARCH_USER_PATHS = NO;
				CLANG_CXX_LANGUAGE_STANDARD = "gnu++0x";
				CLANG_CXX_LIBRARY = "libc++";
				CLANG_ENABLE_MODULES = YES;
				CLANG_ENABLE_OBJC_ARC = YES;
				CLANG_WARN_BOOL_CONVERSION = YES;
				CLANG_WARN_CONSTANT_CONVERSION = YES;
				CLANG_WARN_DIRECT_OBJC_ISA_USAGE = YES_ERROR;
				CLANG_WARN_EMPTY_BODY = YES;
				CLANG_WARN_ENUM_CONVERSION = YES;
				CLANG_WARN_INT_CONVERSION = YES;
				CLANG_WARN_OBJC_ROOT_CLASS = YES_ERROR;
				CLANG_WARN_UNREACHABLE_CODE = YES;
				CLANG_WARN__DUPLICATE_METHOD_MATCH = YES;
				"CODE_SIGN_IDENTITY[sdk=iphoneos*]" = "iPhone Developer";
				COPY_PHASE_STRIP = NO;
				DEBUG_INFORMATION_FORMAT = "dwarf-with-dsym";
				ENABLE_NS_ASSERTIONS = NO;
				ENABLE_STRICT_OBJC_MSGSEND = YES;
				GCC_C_LANGUAGE_STANDARD = gnu99;
				GCC_NO_COMMON_BLOCKS = YES;
				GCC_WARN_64_TO_32_BIT_CONVERSION = YES;
				GCC_WARN_ABOUT_RETURN_TYPE = YES_ERROR;
				GCC_WARN_UNDECLARED_SELECTOR = YES;
				GCC_WARN_UNINITIALIZED_AUTOS = YES_AGGRESSIVE;
				GCC_WARN_UNUSED_FUNCTION = YES;
				GCC_WARN_UNUSED_VARIABLE = YES;
				IPHONEOS_DEPLOYMENT_TARGET = 9.2;
				MTL_ENABLE_DEBUG_INFO = NO;
				SDKROOT = iphoneos;
				VALIDATE_PRODUCT = YES;
			};
			name = Release;
		};
		C87E3AFF1C57245E000ACF0C /* Debug */ = {
			isa = XCBuildConfiguration;
			baseConfigurationReference = DB73DC24840701C027D05BDE /* Pods-reaverInMap.debug.xcconfig */;
			buildSettings = {
				ASSETCATALOG_COMPILER_APPICON_NAME = AppIcon;
				DEVELOPMENT_TEAM = YMJ372W38W;
				INFOPLIST_FILE = reaverInMap/Info.plist;
				IPHONEOS_DEPLOYMENT_TARGET = 7.0;
				LD_RUNPATH_SEARCH_PATHS = "$(inherited) @executable_path/Frameworks";
				PRODUCT_BUNDLE_IDENTIFIER = com.autonavi.reaverInMap;
				PRODUCT_NAME = "$(TARGET_NAME)";
				PROVISIONING_PROFILE = "48216a7c-4edd-4f5d-9389-95ffbd3ea775";
				PROVISIONING_PROFILE_SPECIFIER = openPlatform_development;
			};
			name = Debug;
		};
		C87E3B001C57245E000ACF0C /* Release */ = {
			isa = XCBuildConfiguration;
			baseConfigurationReference = CDF9302E7AD6AD506F415181 /* Pods-reaverInMap.release.xcconfig */;
			buildSettings = {
				ASSETCATALOG_COMPILER_APPICON_NAME = AppIcon;
				"CODE_SIGN_IDENTITY[sdk=iphoneos*]" = "iPhone Distribution";
				DEVELOPMENT_TEAM = YMJ372W38W;
				INFOPLIST_FILE = reaverInMap/Info.plist;
				IPHONEOS_DEPLOYMENT_TARGET = 7.0;
				LD_RUNPATH_SEARCH_PATHS = "$(inherited) @executable_path/Frameworks";
				PRODUCT_BUNDLE_IDENTIFIER = com.autonavi.reaverInMap;
				PRODUCT_NAME = "$(TARGET_NAME)";
				PROVISIONING_PROFILE = "a892512d-fe94-4702-b716-0b66880b936d";
				PROVISIONING_PROFILE_SPECIFIER = openPlatformInhouse;
			};
			name = Release;
		};
		D9F65BF81E2E04EF002BBD5C /* Debug */ = {
			isa = XCBuildConfiguration;
			buildSettings = {
				CLANG_ANALYZER_NONNULL = YES;
				CLANG_WARN_DOCUMENTATION_COMMENTS = YES;
				CLANG_WARN_INFINITE_RECURSION = YES;
				CLANG_WARN_SUSPICIOUS_MOVE = YES;
				DEVELOPMENT_TEAM = YMJ372W38W;
				INFOPLIST_FILE = reaverInMapUITests/Info.plist;
				IPHONEOS_DEPLOYMENT_TARGET = 10.2;
				LD_RUNPATH_SEARCH_PATHS = "$(inherited) @executable_path/Frameworks @loader_path/Frameworks";
				PRODUCT_BUNDLE_IDENTIFIER = com.autonavi.reaverInMapUITests;
				PRODUCT_NAME = "$(TARGET_NAME)";
				PROVISIONING_PROFILE = "8014ae4e-33b6-4937-87e3-3725a2aad4f7";
				PROVISIONING_PROFILE_SPECIFIER = openPlatform_development;
				TEST_TARGET_NAME = reaverInMap;
			};
			name = Debug;
		};
		D9F65BF91E2E04EF002BBD5C /* Release */ = {
			isa = XCBuildConfiguration;
			buildSettings = {
				CLANG_ANALYZER_NONNULL = YES;
				CLANG_WARN_DOCUMENTATION_COMMENTS = YES;
				CLANG_WARN_INFINITE_RECURSION = YES;
				CLANG_WARN_SUSPICIOUS_MOVE = YES;
				DEVELOPMENT_TEAM = YMJ372W38W;
				INFOPLIST_FILE = reaverInMapUITests/Info.plist;
				IPHONEOS_DEPLOYMENT_TARGET = 10.2;
				LD_RUNPATH_SEARCH_PATHS = "$(inherited) @executable_path/Frameworks @loader_path/Frameworks";
				PRODUCT_BUNDLE_IDENTIFIER = com.autonavi.reaverInMapUITests;
				PRODUCT_NAME = "$(TARGET_NAME)";
				PROVISIONING_PROFILE = "8014ae4e-33b6-4937-87e3-3725a2aad4f7";
				PROVISIONING_PROFILE_SPECIFIER = openPlatform_development;
				TEST_TARGET_NAME = reaverInMap;
			};
			name = Release;
		};
/* End XCBuildConfiguration section */

/* Begin XCConfigurationList section */
		19EFDB151E039451004702D3 /* Build configuration list for PBXNativeTarget "reaverInMap-swift" */ = {
			isa = XCConfigurationList;
			buildConfigurations = (
				19EFDB131E039451004702D3 /* Debug */,
				19EFDB141E039451004702D3 /* Release */,
			);
			defaultConfigurationIsVisible = 0;
			defaultConfigurationName = Release;
		};
		C87E3AE21C57245D000ACF0C /* Build configuration list for PBXProject "reaverInMap" */ = {
			isa = XCConfigurationList;
			buildConfigurations = (
				C87E3AFC1C57245E000ACF0C /* Debug */,
				C87E3AFD1C57245E000ACF0C /* Release */,
			);
			defaultConfigurationIsVisible = 0;
			defaultConfigurationName = Release;
		};
		C87E3AFE1C57245E000ACF0C /* Build configuration list for PBXNativeTarget "reaverInMap" */ = {
			isa = XCConfigurationList;
			buildConfigurations = (
				C87E3AFF1C57245E000ACF0C /* Debug */,
				C87E3B001C57245E000ACF0C /* Release */,
			);
			defaultConfigurationIsVisible = 0;
			defaultConfigurationName = Release;
		};
		D9F65BFA1E2E04EF002BBD5C /* Build configuration list for PBXNativeTarget "reaverInMapUITests" */ = {
			isa = XCConfigurationList;
			buildConfigurations = (
				D9F65BF81E2E04EF002BBD5C /* Debug */,
				D9F65BF91E2E04EF002BBD5C /* Release */,
			);
			defaultConfigurationIsVisible = 0;
			defaultConfigurationName = Release;
		};
/* End XCConfigurationList section */
	};
	rootObject = C87E3ADF1C57245D000ACF0C /* Project object */;
}
