// !$*UTF8*$!
{
	archiveVersion = 1;
	classes = {
	};
	objectVersion = 46;
	objects = {

/* Begin PBXBuildFile section */
		196BC8641D6B1A6100EBF216 /* Assets.xcassets in Resources */ = {isa = PBXBuildFile; fileRef = 196BC8631D6B1A6100EBF216 /* Assets.xcassets */; };
		81B61EC01D66A20900415DAD /* AMap3DObjectOverlay.m in Sources */ = {isa = PBXBuildFile; fileRef = 81B61EBF1D66A20900415DAD /* AMap3DObjectOverlay.m */; };
		81B61EC31D66A41100415DAD /* AMap3DObjectOverlayRenderer.m in Sources */ = {isa = PBXBuildFile; fileRef = 81B61EC21D66A41100415DAD /* AMap3DObjectOverlayRenderer.m */; };
		8DDFCBC6229ACF1523D24210 /* libPods-reaverInMap.a in Frameworks */ = {isa = PBXBuildFile; fileRef = 52950540D3CDE5FAA9A06E08 /* libPods-reaverInMap.a */; };
		C87E3AEC1C57245E000ACF0C /* main.m in Sources */ = {isa = PBXBuildFile; fileRef = C87E3AEB1C57245E000ACF0C /* main.m */; };
		C87E3AEF1C57245E000ACF0C /* AppDelegate.m in Sources */ = {isa = PBXBuildFile; fileRef = C87E3AEE1C57245E000ACF0C /* AppDelegate.m */; };
		C87E3AF21C57245E000ACF0C /* ViewController.m in Sources */ = {isa = PBXBuildFile; fileRef = C87E3AF11C57245E000ACF0C /* ViewController.m */; };
		C87E3AF51C57245E000ACF0C /* Main.storyboard in Resources */ = {isa = PBXBuildFile; fileRef = C87E3AF31C57245E000ACF0C /* Main.storyboard */; };
		C87E3AFA1C57245E000ACF0C /* LaunchScreen.storyboard in Resources */ = {isa = PBXBuildFile; fileRef = C87E3AF81C57245E000ACF0C /* LaunchScreen.storyboard */; };
/* End PBXBuildFile section */

/* Begin PBXFileReference section */
		196BC8601D6B14A100EBF216 /* Farmhouse OBJ.h */ = {isa = PBXFileReference; lastKnownFileType = sourcecode.c.h; name = "Farmhouse OBJ.h"; path = "reaver/Farmhouse OBJ.h"; sourceTree = "<group>"; };
		196BC8611D6B16C300EBF216 /* Snow covered CottageOBJ.h */ = {isa = PBXFileReference; lastKnownFileType = sourcecode.c.h; name = "Snow covered CottageOBJ.h"; path = "reaver/Snow covered CottageOBJ.h"; sourceTree = "<group>"; };
		196BC8621D6B1A3F00EBF216 /* Combat_Vehicle.h */ = {isa = PBXFileReference; lastKnownFileType = sourcecode.c.h; name = Combat_Vehicle.h; path = reaver/Combat_Vehicle.h; sourceTree = "<group>"; };
		196BC8631D6B1A6100EBF216 /* Assets.xcassets */ = {isa = PBXFileReference; lastKnownFileType = folder.assetcatalog; path = Assets.xcassets; sourceTree = "<group>"; };
		196BC8651D6B1DBB00EBF216 /* raptor.h */ = {isa = PBXFileReference; lastKnownFileType = sourcecode.c.h; name = raptor.h; path = reaver/raptor.h; sourceTree = "<group>"; };
		52950540D3CDE5FAA9A06E08 /* libPods-reaverInMap.a */ = {isa = PBXFileReference; explicitFileType = archive.ar; includeInIndex = 0; path = "libPods-reaverInMap.a"; sourceTree = BUILT_PRODUCTS_DIR; };
		81B61EBE1D66A20900415DAD /* AMap3DObjectOverlay.h */ = {isa = PBXFileReference; fileEncoding = 4; lastKnownFileType = sourcecode.c.h; path = AMap3DObjectOverlay.h; sourceTree = "<group>"; };
		81B61EBF1D66A20900415DAD /* AMap3DObjectOverlay.m */ = {isa = PBXFileReference; fileEncoding = 4; lastKnownFileType = sourcecode.c.objc; path = AMap3DObjectOverlay.m; sourceTree = "<group>"; };
		81B61EC11D66A41100415DAD /* AMap3DObjectOverlayRenderer.h */ = {isa = PBXFileReference; fileEncoding = 4; lastKnownFileType = sourcecode.c.h; path = AMap3DObjectOverlayRenderer.h; sourceTree = "<group>"; };
		81B61EC21D66A41100415DAD /* AMap3DObjectOverlayRenderer.m */ = {isa = PBXFileReference; fileEncoding = 4; lastKnownFileType = sourcecode.c.objc; path = AMap3DObjectOverlayRenderer.m; sourceTree = "<group>"; };
		C87E3AE71C57245E000ACF0C /* reaverInMap.app */ = {isa = PBXFileReference; explicitFileType = wrapper.application; includeInIndex = 0; path = reaverInMap.app; sourceTree = BUILT_PRODUCTS_DIR; };
		C87E3AEB1C57245E000ACF0C /* main.m */ = {isa = PBXFileReference; lastKnownFileType = sourcecode.c.objc; path = main.m; sourceTree = "<group>"; };
		C87E3AED1C57245E000ACF0C /* AppDelegate.h */ = {isa = PBXFileReference; lastKnownFileType = sourcecode.c.h; path = AppDelegate.h; sourceTree = "<group>"; };
		C87E3AEE1C57245E000ACF0C /* AppDelegate.m */ = {isa = PBXFileReference; lastKnownFileType = sourcecode.c.objc; path = AppDelegate.m; sourceTree = "<group>"; };
		C87E3AF01C57245E000ACF0C /* ViewController.h */ = {isa = PBXFileReference; lastKnownFileType = sourcecode.c.h; path = ViewController.h; sourceTree = "<group>"; };
		C87E3AF11C57245E000ACF0C /* ViewController.m */ = {isa = PBXFileReference; lastKnownFileType = sourcecode.c.objc; path = ViewController.m; sourceTree = "<group>"; };
		C87E3AF41C57245E000ACF0C /* Base */ = {isa = PBXFileReference; lastKnownFileType = file.storyboard; name = Base; path = Base.lproj/Main.storyboard; sourceTree = "<group>"; };
		C87E3AF91C57245E000ACF0C /* Base */ = {isa = PBXFileReference; lastKnownFileType = file.storyboard; name = Base; path = Base.lproj/LaunchScreen.storyboard; sourceTree = "<group>"; };
		C87E3AFB1C57245E000ACF0C /* Info.plist */ = {isa = PBXFileReference; lastKnownFileType = text.plist.xml; path = Info.plist; sourceTree = "<group>"; };
		C8D009031C57358E003C075A /* FelReaverMount.h */ = {isa = PBXFileReference; fileEncoding = 4; lastKnownFileType = sourcecode.c.h; name = FelReaverMount.h; path = reaver/FelReaverMount.h; sourceTree = "<group>"; };
		CDF9302E7AD6AD506F415181 /* Pods-reaverInMap.release.xcconfig */ = {isa = PBXFileReference; includeInIndex = 1; lastKnownFileType = text.xcconfig; name = "Pods-reaverInMap.release.xcconfig"; path = "Pods/Target Support Files/Pods-reaverInMap/Pods-reaverInMap.release.xcconfig"; sourceTree = "<group>"; };
		DB73DC24840701C027D05BDE /* Pods-reaverInMap.debug.xcconfig */ = {isa = PBXFileReference; includeInIndex = 1; lastKnownFileType = text.xcconfig; name = "Pods-reaverInMap.debug.xcconfig"; path = "Pods/Target Support Files/Pods-reaverInMap/Pods-reaverInMap.debug.xcconfig"; sourceTree = "<group>"; };
/* End PBXFileReference section */

/* Begin PBXFrameworksBuildPhase section */
		C87E3AE41C57245D000ACF0C /* Frameworks */ = {
			isa = PBXFrameworksBuildPhase;
			buildActionMask = 2147483647;
			files = (
				8DDFCBC6229ACF1523D24210 /* libPods-reaverInMap.a in Frameworks */,
			);
			runOnlyForDeploymentPostprocessing = 0;
		};
/* End PBXFrameworksBuildPhase section */

/* Begin PBXGroup section */
		B6031342AA2AACF8E44E507C /* Pods */ = {
			isa = PBXGroup;
			children = (
				DB73DC24840701C027D05BDE /* Pods-reaverInMap.debug.xcconfig */,
				CDF9302E7AD6AD506F415181 /* Pods-reaverInMap.release.xcconfig */,
			);
			name = Pods;
			sourceTree = "<group>";
		};
		C87E3ADE1C57245D000ACF0C = {
			isa = PBXGroup;
			children = (
				C87E3AE91C57245E000ACF0C /* reaverInMap */,
				C87E3AE81C57245E000ACF0C /* Products */,
				B6031342AA2AACF8E44E507C /* Pods */,
				CD146C76BC4A44DA81A98CFE /* Frameworks */,
			);
			sourceTree = "<group>";
		};
		C87E3AE81C57245E000ACF0C /* Products */ = {
			isa = PBXGroup;
			children = (
				C87E3AE71C57245E000ACF0C /* reaverInMap.app */,
			);
			name = Products;
			sourceTree = "<group>";
		};
		C87E3AE91C57245E000ACF0C /* reaverInMap */ = {
			isa = PBXGroup;
			children = (
				C87E3B071C573228000ACF0C /* reaver */,
				C87E3AED1C57245E000ACF0C /* AppDelegate.h */,
				C87E3AEE1C57245E000ACF0C /* AppDelegate.m */,
				C87E3AF01C57245E000ACF0C /* ViewController.h */,
				C87E3AF11C57245E000ACF0C /* ViewController.m */,
				196BC8631D6B1A6100EBF216 /* Assets.xcassets */,
				C87E3AF31C57245E000ACF0C /* Main.storyboard */,
				C87E3AF81C57245E000ACF0C /* LaunchScreen.storyboard */,
				C87E3AFB1C57245E000ACF0C /* Info.plist */,
				C87E3AEA1C57245E000ACF0C /* Supporting Files */,
			);
			path = reaverInMap;
			sourceTree = "<group>";
		};
		C87E3AEA1C57245E000ACF0C /* Supporting Files */ = {
			isa = PBXGroup;
			children = (
				C87E3AEB1C57245E000ACF0C /* main.m */,
			);
			name = "Supporting Files";
			sourceTree = "<group>";
		};
		C87E3B071C573228000ACF0C /* reaver */ = {
			isa = PBXGroup;
			children = (
				196BC8651D6B1DBB00EBF216 /* raptor.h */,
				196BC8621D6B1A3F00EBF216 /* Combat_Vehicle.h */,
				196BC8611D6B16C300EBF216 /* Snow covered CottageOBJ.h */,
				196BC8601D6B14A100EBF216 /* Farmhouse OBJ.h */,
				C8D009031C57358E003C075A /* FelReaverMount.h */,
				81B61EBE1D66A20900415DAD /* AMap3DObjectOverlay.h */,
				81B61EBF1D66A20900415DAD /* AMap3DObjectOverlay.m */,
				81B61EC11D66A41100415DAD /* AMap3DObjectOverlayRenderer.h */,
				81B61EC21D66A41100415DAD /* AMap3DObjectOverlayRenderer.m */,
			);
			name = reaver;
			sourceTree = "<group>";
		};
		CD146C76BC4A44DA81A98CFE /* Frameworks */ = {
			isa = PBXGroup;
			children = (
				52950540D3CDE5FAA9A06E08 /* libPods-reaverInMap.a */,
			);
			name = Frameworks;
			sourceTree = "<group>";
		};
/* End PBXGroup section */

/* Begin PBXNativeTarget section */
		C87E3AE61C57245D000ACF0C /* reaverInMap */ = {
			isa = PBXNativeTarget;
			buildConfigurationList = C87E3AFE1C57245E000ACF0C /* Build configuration list for PBXNativeTarget "reaverInMap" */;
			buildPhases = (
				DC28799ADB8962AD6DF53C23 /* [CP] Check Pods Manifest.lock */,
				C87E3AE31C57245D000ACF0C /* Sources */,
				C87E3AE41C57245D000ACF0C /* Frameworks */,
				C87E3AE51C57245D000ACF0C /* Resources */,
				75E06EB9EFE925CA88F056A1 /* [CP] Embed Pods Frameworks */,
				D1BE4B81774E264C08A2097A /* [CP] Copy Pods Resources */,
			);
			buildRules = (
			);
			dependencies = (
			);
			name = reaverInMap;
			productName = reaverInMap;
			productReference = C87E3AE71C57245E000ACF0C /* reaverInMap.app */;
			productType = "com.apple.product-type.application";
		};
/* End PBXNativeTarget section */

/* Begin PBXProject section */
		C87E3ADF1C57245D000ACF0C /* Project object */ = {
			isa = PBXProject;
			attributes = {
				LastUpgradeCheck = 0720;
				ORGANIZATIONNAME = Autonavi;
				TargetAttributes = {
					C87E3AE61C57245D000ACF0C = {
						CreatedOnToolsVersion = 7.2;
					};
				};
			};
			buildConfigurationList = C87E3AE21C57245D000ACF0C /* Build configuration list for PBXProject "reaverInMap" */;
			compatibilityVersion = "Xcode 3.2";
			developmentRegion = English;
			hasScannedForEncodings = 0;
			knownRegions = (
				en,
				Base,
			);
			mainGroup = C87E3ADE1C57245D000ACF0C;
			productRefGroup = C87E3AE81C57245E000ACF0C /* Products */;
			projectDirPath = "";
			projectRoot = "";
			targets = (
				C87E3AE61C57245D000ACF0C /* reaverInMap */,
			);
		};
/* End PBXProject section */

/* Begin PBXResourcesBuildPhase section */
		C87E3AE51C57245D000ACF0C /* Resources */ = {
			isa = PBXResourcesBuildPhase;
			buildActionMask = 2147483647;
			files = (
				C87E3AFA1C57245E000ACF0C /* LaunchScreen.storyboard in Resources */,
				196BC8641D6B1A6100EBF216 /* Assets.xcassets in Resources */,
				C87E3AF51C57245E000ACF0C /* Main.storyboard in Resources */,
			);
			runOnlyForDeploymentPostprocessing = 0;
		};
/* End PBXResourcesBuildPhase section */

/* Begin PBXShellScriptBuildPhase section */
		75E06EB9EFE925CA88F056A1 /* [CP] Embed Pods Frameworks */ = {
			isa = PBXShellScriptBuildPhase;
			buildActionMask = 2147483647;
			files = (
			);
			inputPaths = (
			);
			name = "[CP] Embed Pods Frameworks";
			outputPaths = (
			);
			runOnlyForDeploymentPostprocessing = 0;
			shellPath = /bin/sh;
			shellScript = "\"${SRCROOT}/Pods/Target Support Files/Pods-reaverInMap/Pods-reaverInMap-frameworks.sh\"\n";
			showEnvVarsInLog = 0;
		};
		D1BE4B81774E264C08A2097A /* [CP] Copy Pods Resources */ = {
			isa = PBXShellScriptBuildPhase;
			buildActionMask = 2147483647;
			files = (
			);
			inputPaths = (
			);
			name = "[CP] Copy Pods Resources";
			outputPaths = (
			);
			runOnlyForDeploymentPostprocessing = 0;
			shellPath = /bin/sh;
			shellScript = "\"${SRCROOT}/Pods/Target Support Files/Pods-reaverInMap/Pods-reaverInMap-resources.sh\"\n";
			showEnvVarsInLog = 0;
		};
		DC28799ADB8962AD6DF53C23 /* [CP] Check Pods Manifest.lock */ = {
			isa = PBXShellScriptBuildPhase;
			buildActionMask = 2147483647;
			files = (
			);
			inputPaths = (
			);
			name = "[CP] Check Pods Manifest.lock";
			outputPaths = (
			);
			runOnlyForDeploymentPostprocessing = 0;
			shellPath = /bin/sh;
			shellScript = "diff \"${PODS_ROOT}/../Podfile.lock\" \"${PODS_ROOT}/Manifest.lock\" > /dev/null\nif [[ $? != 0 ]] ; then\n    cat << EOM\nerror: The sandbox is not in sync with the Podfile.lock. Run 'pod install' or update your CocoaPods installation.\nEOM\n    exit 1\nfi\n";
			showEnvVarsInLog = 0;
		};
/* End PBXShellScriptBuildPhase section */

/* Begin PBXSourcesBuildPhase section */
		C87E3AE31C57245D000ACF0C /* Sources */ = {
			isa = PBXSourcesBuildPhase;
			buildActionMask = 2147483647;
			files = (
				C87E3AF21C57245E000ACF0C /* ViewController.m in Sources */,
				81B61EC31D66A41100415DAD /* AMap3DObjectOverlayRenderer.m in Sources */,
				C87E3AEF1C57245E000ACF0C /* AppDelegate.m in Sources */,
				81B61EC01D66A20900415DAD /* AMap3DObjectOverlay.m in Sources */,
				C87E3AEC1C57245E000ACF0C /* main.m in Sources */,
			);
			runOnlyForDeploymentPostprocessing = 0;
		};
/* End PBXSourcesBuildPhase section */

/* Begin PBXVariantGroup section */
		C87E3AF31C57245E000ACF0C /* Main.storyboard */ = {
			isa = PBXVariantGroup;
			children = (
				C87E3AF41C57245E000ACF0C /* Base */,
			);
			name = Main.storyboard;
			sourceTree = "<group>";
		};
		C87E3AF81C57245E000ACF0C /* LaunchScreen.storyboard */ = {
			isa = PBXVariantGroup;
			children = (
				C87E3AF91C57245E000ACF0C /* Base */,
			);
			name = LaunchScreen.storyboard;
			sourceTree = "<group>";
		};
/* End PBXVariantGroup section */

/* Begin XCBuildConfiguration section */
		C87E3AFC1C57245E000ACF0C /* Debug */ = {
			isa = XCBuildConfiguration;
			buildSettings = {
				ALWAYS_SEARCH_USER_PATHS = NO;
				CLANG_CXX_LANGUAGE_STANDARD = "gnu++0x";
				CLANG_CXX_LIBRARY = "libc++";
				CLANG_ENABLE_MODULES = YES;
				CLANG_ENABLE_OBJC_ARC = YES;
				CLANG_WARN_BOOL_CONVERSION = YES;
				CLANG_WARN_CONSTANT_CONVERSION = YES;
				CLANG_WARN_DIRECT_OBJC_ISA_USAGE = YES_ERROR;
				CLANG_WARN_EMPTY_BODY = YES;
				CLANG_WARN_ENUM_CONVERSION = YES;
				CLANG_WARN_INT_CONVERSION = YES;
				CLANG_WARN_OBJC_ROOT_CLASS = YES_ERROR;
				CLANG_WARN_UNREACHABLE_CODE = YES;
				CLANG_WARN__DUPLICATE_METHOD_MATCH = YES;
				"CODE_SIGN_IDENTITY[sdk=iphoneos*]" = "iPhone Developer";
				COPY_PHASE_STRIP = NO;
				DEBUG_INFORMATION_FORMAT = dwarf;
				ENABLE_STRICT_OBJC_MSGSEND = YES;
				ENABLE_TESTABILITY = YES;
				GCC_C_LANGUAGE_STANDARD = gnu99;
				GCC_DYNAMIC_NO_PIC = NO;
				GCC_NO_COMMON_BLOCKS = YES;
				GCC_OPTIMIZATION_LEVEL = 0;
				GCC_PREPROCESSOR_DEFINITIONS = (
					"DEBUG=1",
					"$(inherited)",
				);
				GCC_WARN_64_TO_32_BIT_CONVERSION = YES;
				GCC_WARN_ABOUT_RETURN_TYPE = YES_ERROR;
				GCC_WARN_UNDECLARED_SELECTOR = YES;
				GCC_WARN_UNINITIALIZED_AUTOS = YES_AGGRESSIVE;
				GCC_WARN_UNUSED_FUNCTION = YES;
				GCC_WARN_UNUSED_VARIABLE = YES;
				IPHONEOS_DEPLOYMENT_TARGET = 9.2;
				MTL_ENABLE_DEBUG_INFO = YES;
				ONLY_ACTIVE_ARCH = YES;
				SDKROOT = iphoneos;
			};
			name = Debug;
		};
		C87E3AFD1C57245E000ACF0C /* Release */ = {
			isa = XCBuildConfiguration;
			buildSettings = {
				ALWAYS_SEARCH_USER_PATHS = NO;
				CLANG_CXX_LANGUAGE_STANDARD = "gnu++0x";
				CLANG_CXX_LIBRARY = "libc++";
				CLANG_ENABLE_MODULES = YES;
				CLANG_ENABLE_OBJC_ARC = YES;
				CLANG_WARN_BOOL_CONVERSION = YES;
				CLANG_WARN_CONSTANT_CONVERSION = YES;
				CLANG_WARN_DIRECT_OBJC_ISA_USAGE = YES_ERROR;
				CLANG_WARN_EMPTY_BODY = YES;
				CLANG_WARN_ENUM_CONVERSION = YES;
				CLANG_WARN_INT_CONVERSION = YES;
				CLANG_WARN_OBJC_ROOT_CLASS = YES_ERROR;
				CLANG_WARN_UNREACHABLE_CODE = YES;
				CLANG_WARN__DUPLICATE_METHOD_MATCH = YES;
				"CODE_SIGN_IDENTITY[sdk=iphoneos*]" = "iPhone Developer";
				COPY_PHASE_STRIP = NO;
				DEBUG_INFORMATION_FORMAT = "dwarf-with-dsym";
				ENABLE_NS_ASSERTIONS = NO;
				ENABLE_STRICT_OBJC_MSGSEND = YES;
				GCC_C_LANGUAGE_STANDARD = gnu99;
				GCC_NO_COMMON_BLOCKS = YES;
				GCC_WARN_64_TO_32_BIT_CONVERSION = YES;
				GCC_WARN_ABOUT_RETURN_TYPE = YES_ERROR;
				GCC_WARN_UNDECLARED_SELECTOR = YES;
				GCC_WARN_UNINITIALIZED_AUTOS = YES_AGGRESSIVE;
				GCC_WARN_UNUSED_FUNCTION = YES;
				GCC_WARN_UNUSED_VARIABLE = YES;
				IPHONEOS_DEPLOYMENT_TARGET = 9.2;
				MTL_ENABLE_DEBUG_INFO = NO;
				SDKROOT = iphoneos;
				VALIDATE_PRODUCT = YES;
			};
			name = Release;
		};
		C87E3AFF1C57245E000ACF0C /* Debug */ = {
			isa = XCBuildConfiguration;
			baseConfigurationReference = DB73DC24840701C027D05BDE /* Pods-reaverInMap.debug.xcconfig */;
			buildSettings = {
				ASSETCATALOG_COMPILER_APPICON_NAME = AppIcon;
				INFOPLIST_FILE = reaverInMap/Info.plist;
				LD_RUNPATH_SEARCH_PATHS = "$(inherited) @executable_path/Frameworks";
				PRODUCT_BUNDLE_IDENTIFIER = com.autonavi.reaverInMap;
				PRODUCT_NAME = "$(TARGET_NAME)";
			};
			name = Debug;
		};
		C87E3B001C57245E000ACF0C /* Release */ = {
			isa = XCBuildConfiguration;
			baseConfigurationReference = CDF9302E7AD6AD506F415181 /* Pods-reaverInMap.release.xcconfig */;
			buildSettings = {
				ASSETCATALOG_COMPILER_APPICON_NAME = AppIcon;
				INFOPLIST_FILE = reaverInMap/Info.plist;
				LD_RUNPATH_SEARCH_PATHS = "$(inherited) @executable_path/Frameworks";
				PRODUCT_BUNDLE_IDENTIFIER = com.autonavi.reaverInMap;
				PRODUCT_NAME = "$(TARGET_NAME)";
			};
			name = Release;
		};
/* End XCBuildConfiguration section */

/* Begin XCConfigurationList section */
		C87E3AE21C57245D000ACF0C /* Build configuration list for PBXProject "reaverInMap" */ = {
			isa = XCConfigurationList;
			buildConfigurations = (
				C87E3AFC1C57245E000ACF0C /* Debug */,
				C87E3AFD1C57245E000ACF0C /* Release */,
			);
			defaultConfigurationIsVisible = 0;
			defaultConfigurationName = Release;
		};
		C87E3AFE1C57245E000ACF0C /* Build configuration list for PBXNativeTarget "reaverInMap" */ = {
			isa = XCConfigurationList;
			buildConfigurations = (
				C87E3AFF1C57245E000ACF0C /* Debug */,
				C87E3B001C57245E000ACF0C /* Release */,
			);
			defaultConfigurationIsVisible = 0;
			defaultConfigurationName = Release;
		};
/* End XCConfigurationList section */
	};
	rootObject = C87E3ADF1C57245D000ACF0C /* Project object */;
}
